
Microsoft Visual Studio Solution File, Format Version 12.00
# Visual Studio Version 16
VisualStudioVersion = 16.0.30204.135
MinimumVisualStudioVersion = 10.0.40219.1
Project("{9A19103F-16F7-4668-BE54-9A1E7A4F7556}") = "ElasticsearchArticlesApiNetcore", "ElasticsearchArticlesApiNetcore.csproj", "{278A8687-738B-4CE9-A5E0-1A4460014E4C}"
EndProject
Global
	GlobalSection(SolutionConfigurationPlatforms) = preSolution
		Debug|Any CPU = Debug|Any CPU
		Release|Any CPU = Release|Any CPU
	EndGlobalSection
	GlobalSection(ProjectConfigurationPlatforms) = postSolution
		{278A8687-738B-4CE9-A5E0-1A4460014E4C}.Debug|Any CPU.ActiveCfg = Debug|Any CPU
		{278A8687-738B-4CE9-A5E0-1A4460014E4C}.Debug|Any CPU.Build.0 = Debug|Any CPU
		{278A8687-738B-4CE9-A5E0-1A4460014E4C}.Release|Any CPU.ActiveCfg = Release|Any CPU
		{278A8687-738B-4CE9-A5E0-1A4460014E4C}.Release|Any CPU.Build.0 = Release|Any CPU
	EndGlobalSection
	GlobalSection(SolutionProperties) = preSolution
		HideSolutionNode = FALSE
	EndGlobalSection
	GlobalSection(ExtensibilityGlobals) = postSolution
		SolutionGuid = {6DA92D6C-302E-4FA9-B73F-B3DE443A5B56}
	EndGlobalSection
EndGlobal
